github.com/TwiN/go-color v1.1.0 h1:yhLAHgjp2iAxmNjDiVb6Z073NE65yoaPlcki1Q22yyQ=
github.com/TwiN/go-color v1.1.0/go.mod h1:aKVf4e1mD4ai2FtPifkDPP5iyoCwiK08YGzGwerjKo0=
github.com/gorilla/mux v1.8.0 h1:i40aqfkR1h2SlN9hojwV5ZA91wcXFOvkdNIeFDP5koI=
github.com/gorilla/mux v1.8.0/go.mod h1:DVbg23sWSpFRCP0SfiEN6jmj59UnW/n46BH5rLB71So=
github.com/spoonboy-io/koan v0.1.0 h1:TMxuDoAMwlVS3no8mjxixUgUUroO4Wvtf0lFcsc7e4g=
github.com/spoonboy-io/koan v0.1.0/go.mod h1:QrBU2nmL9EEPfQykbLrjZs+M7PHRvgefUJpd4lUCWXo=
github.com/spoonboy-io/reprise v0.0.1 h1:cwl0ejT0GTe1Cqk8lx27Imn3O940D3ztwygFHxknDhc=
github.com/spoonboy-io/reprise v0.0.1/go.mod h1:t4PgU58+cSx4MyA4Ra8nPUIovQq+vZCCn4MUt47B0fw=
gopkg.in/check.v1 v0.0.0-20161208181325-20d25e280405 h1:yhCVgyC4o1eVCa2tZl7eS0r+SDo693bJlVdllGtEeKM=
gopkg.in/check.v1 v0.0.0-20161208181325-20d25e280405/go.mod h1:Co6ibVJAznAaIkqp8huTwlJQCZ016jof/cbN4VW5Yz0=
gopkg.in/yaml.v2 v2.4.0 h1:D8xgwECY7CYvx+Y2n4sBz93Jn9JRvxdiyyo8CTfuKaY=
gopkg.in/yaml.v2 v2.4.0/go.mod h1:RDklbk79AGWmwhnvt/jBztapEOGDOx6ZbXqjP6csGnQ=
